
Microsoft Visual Studio Solution File, Format Version 12.00
# Visual Studio Version 17
VisualStudioVersion = 17.2.32630.192
MinimumVisualStudioVersion = 10.0.40219.1
Project("{F184B08F-C81C-45F6-A57F-5ABD9991F28F}") = "Pixel Art 2", "Pixel Art 2\Pixel Art 2.vbproj", "{F7D0F5E2-A12B-4789-836A-7EA761A11D93}"
EndProject
Global
	GlobalSection(SolutionConfigurationPlatforms) = preSolution
		Debug|Any CPU = Debug|Any CPU
		Release|Any CPU = Release|Any CPU
	EndGlobalSection
	GlobalSection(ProjectConfigurationPlatforms) = postSolution
		{F7D0F5E2-A12B-4789-836A-7EA761A11D93}.Debug|Any CPU.ActiveCfg = Debug|Any CPU
		{F7D0F5E2-A12B-4789-836A-7EA761A11D93}.Debug|Any CPU.Build.0 = Debug|Any CPU
		{F7D0F5E2-A12B-4789-836A-7EA761A11D93}.Release|Any CPU.ActiveCfg = Release|Any CPU
		{F7D0F5E2-A12B-4789-836A-7EA761A11D93}.Release|Any CPU.Build.0 = Release|Any CPU
	EndGlobalSection
	GlobalSection(SolutionProperties) = preSolution
		HideSolutionNode = FALSE
	EndGlobalSection
	GlobalSection(ExtensibilityGlobals) = postSolution
		SolutionGuid = {47C36712-8DD0-47E5-B38B-05AFC760235C}
	EndGlobalSection
EndGlobal
